// !$*UTF8*$!
{
	archiveVersion = 1;
	classes = {
	};
	objectVersion = 56;
	objects = {

/* Begin PBXBuildFile section */
		1C6B1C492BA0B2770043A26E /* DavidGogginsAppApp.swift in Sources */ = {isa = PBXBuildFile; fileRef = 1C6B1C482BA0B2770043A26E /* DavidGogginsAppApp.swift */; };
		1C6B1C4B2BA0B2770043A26E /* MainView.swift in Sources */ = {isa = PBXBuildFile; fileRef = 1C6B1C4A2BA0B2770043A26E /* MainView.swift */; };
		1C6B1C4D2BA0B2780043A26E /* Assets.xcassets in Resources */ = {isa = PBXBuildFile; fileRef = 1C6B1C4C2BA0B2780043A26E /* Assets.xcassets */; };
		1C6B1C502BA0B2780043A26E /* Preview Assets.xcassets in Resources */ = {isa = PBXBuildFile; fileRef = 1C6B1C4F2BA0B2780043A26E /* Preview Assets.xcassets */; };
		1C6B1C572BA0B30E0043A26E /* RealityView.swift in Sources */ = {isa = PBXBuildFile; fileRef = 1C6B1C562BA0B30E0043A26E /* RealityView.swift */; };
		1C6B1C5A2BA0B6F90043A26E /* CircleButton.swift in Sources */ = {isa = PBXBuildFile; fileRef = 1C6B1C592BA0B6F90043A26E /* CircleButton.swift */; };
		1C6B1C5C2BA0BAF20043A26E /* AddGoalsView.swift in Sources */ = {isa = PBXBuildFile; fileRef = 1C6B1C5B2BA0BAF20043A26E /* AddGoalsView.swift */; };
		1C805D122BA4DD3D0006B88F /* PersistenceManager.swift in Sources */ = {isa = PBXBuildFile; fileRef = 1C805D112BA4DD3D0006B88F /* PersistenceManager.swift */; };
		1C805D152BA4DF440006B88F /* Database.xcdatamodeld in Sources */ = {isa = PBXBuildFile; fileRef = 1C805D132BA4DF440006B88F /* Database.xcdatamodeld */; };
		1CA5A7172BA946EB00B8AAA0 /* MainViewModel.swift in Sources */ = {isa = PBXBuildFile; fileRef = 1CA5A7162BA946EB00B8AAA0 /* MainViewModel.swift */; };
		1CA5A7192BA9485600B8AAA0 /* AddGoalsViewModel.swift in Sources */ = {isa = PBXBuildFile; fileRef = 1CA5A7182BA9485600B8AAA0 /* AddGoalsViewModel.swift */; };
		1CA5A71C2BA94A1300B8AAA0 /* AllGoalsViewModel.swift in Sources */ = {isa = PBXBuildFile; fileRef = 1CA5A71B2BA94A1300B8AAA0 /* AllGoalsViewModel.swift */; };
		1CA5A7202BA94F9F00B8AAA0 /* RealityViewManager.swift in Sources */ = {isa = PBXBuildFile; fileRef = 1CA5A71F2BA94F9F00B8AAA0 /* RealityViewManager.swift */; };
		1CA5A7222BA9F2D500B8AAA0 /* VideoMaterialManager.swift in Sources */ = {isa = PBXBuildFile; fileRef = 1CA5A7212BA9F2D500B8AAA0 /* VideoMaterialManager.swift */; };
		1CA5A7242BA9F3BF00B8AAA0 /* VideoForText.mp4 in Resources */ = {isa = PBXBuildFile; fileRef = 1CA5A7232BA9F3BF00B8AAA0 /* VideoForText.mp4 */; };
		1CC7F2822BA0D88B000E746F /* AllGoalsView.swift in Sources */ = {isa = PBXBuildFile; fileRef = 1CC7F2812BA0D88B000E746F /* AllGoalsView.swift */; };
/* End PBXBuildFile section */

/* Begin PBXFileReference section */
		1C6B1C452BA0B2770043A26E /* DavidGogginsApp.app */ = {isa = PBXFileReference; explicitFileType = wrapper.application; includeInIndex = 0; path = DavidGogginsApp.app; sourceTree = BUILT_PRODUCTS_DIR; };
		1C6B1C482BA0B2770043A26E /* DavidGogginsAppApp.swift */ = {isa = PBXFileReference; lastKnownFileType = sourcecode.swift; path = DavidGogginsAppApp.swift; sourceTree = "<group>"; };
		1C6B1C4A2BA0B2770043A26E /* MainView.swift */ = {isa = PBXFileReference; lastKnownFileType = sourcecode.swift; path = MainView.swift; sourceTree = "<group>"; };
		1C6B1C4C2BA0B2780043A26E /* Assets.xcassets */ = {isa = PBXFileReference; lastKnownFileType = folder.assetcatalog; path = Assets.xcassets; sourceTree = "<group>"; };
		1C6B1C4F2BA0B2780043A26E /* Preview Assets.xcassets */ = {isa = PBXFileReference; lastKnownFileType = folder.assetcatalog; path = "Preview Assets.xcassets"; sourceTree = "<group>"; };
		1C6B1C562BA0B30E0043A26E /* RealityView.swift */ = {isa = PBXFileReference; lastKnownFileType = sourcecode.swift; path = RealityView.swift; sourceTree = "<group>"; };
		1C6B1C592BA0B6F90043A26E /* CircleButton.swift */ = {isa = PBXFileReference; lastKnownFileType = sourcecode.swift; path = CircleButton.swift; sourceTree = "<group>"; };
		1C6B1C5B2BA0BAF20043A26E /* AddGoalsView.swift */ = {isa = PBXFileReference; lastKnownFileType = sourcecode.swift; path = AddGoalsView.swift; sourceTree = "<group>"; };
		1C805D112BA4DD3D0006B88F /* PersistenceManager.swift */ = {isa = PBXFileReference; lastKnownFileType = sourcecode.swift; path = PersistenceManager.swift; sourceTree = "<group>"; };
		1C805D142BA4DF440006B88F /* Database.xcdatamodel */ = {isa = PBXFileReference; lastKnownFileType = wrapper.xcdatamodel; path = Database.xcdatamodel; sourceTree = "<group>"; };
		1CA5A7162BA946EB00B8AAA0 /* MainViewModel.swift */ = {isa = PBXFileReference; lastKnownFileType = sourcecode.swift; path = MainViewModel.swift; sourceTree = "<group>"; };
		1CA5A7182BA9485600B8AAA0 /* AddGoalsViewModel.swift */ = {isa = PBXFileReference; lastKnownFileType = sourcecode.swift; path = AddGoalsViewModel.swift; sourceTree = "<group>"; };
		1CA5A71B2BA94A1300B8AAA0 /* AllGoalsViewModel.swift */ = {isa = PBXFileReference; lastKnownFileType = sourcecode.swift; path = AllGoalsViewModel.swift; sourceTree = "<group>"; };
		1CA5A71F2BA94F9F00B8AAA0 /* RealityViewManager.swift */ = {isa = PBXFileReference; lastKnownFileType = sourcecode.swift; path = RealityViewManager.swift; sourceTree = "<group>"; };
		1CA5A7212BA9F2D500B8AAA0 /* VideoMaterialManager.swift */ = {isa = PBXFileReference; lastKnownFileType = sourcecode.swift; path = VideoMaterialManager.swift; sourceTree = "<group>"; };
		1CA5A7232BA9F3BF00B8AAA0 /* VideoForText.mp4 */ = {isa = PBXFileReference; lastKnownFileType = file; name = VideoForText.mp4; path = ../../../../Desktop/VideoForText.mp4; sourceTree = "<group>"; };
		1CC7F2812BA0D88B000E746F /* AllGoalsView.swift */ = {isa = PBXFileReference; lastKnownFileType = sourcecode.swift; path = AllGoalsView.swift; sourceTree = "<group>"; };
/* End PBXFileReference section */

/* Begin PBXFrameworksBuildPhase section */
		1C6B1C422BA0B2770043A26E /* Frameworks */ = {
			isa = PBXFrameworksBuildPhase;
			buildActionMask = 2147483647;
			files = (
			);
			runOnlyForDeploymentPostprocessing = 0;
		};
/* End PBXFrameworksBuildPhase section */

/* Begin PBXGroup section */
		1C6B1C3C2BA0B2770043A26E = {
			isa = PBXGroup;
			children = (
				1C6B1C472BA0B2770043A26E /* DavidGogginsApp */,
				1C6B1C462BA0B2770043A26E /* Products */,
			);
			sourceTree = "<group>";
		};
		1C6B1C462BA0B2770043A26E /* Products */ = {
			isa = PBXGroup;
			children = (
				1C6B1C452BA0B2770043A26E /* DavidGogginsApp.app */,
			);
			name = Products;
			sourceTree = "<group>";
		};
		1C6B1C472BA0B2770043A26E /* DavidGogginsApp */ = {
			isa = PBXGroup;
			children = (
				1CA5A7232BA9F3BF00B8AAA0 /* VideoForText.mp4 */,
				1CA5A7152BA9461400B8AAA0 /* Views */,
				1CA5A7142BA9460C00B8AAA0 /* Model */,
				1C6B1C582BA0B6CF0043A26E /* Components */,
				1C6B1C482BA0B2770043A26E /* DavidGogginsAppApp.swift */,
				1C6B1C4C2BA0B2780043A26E /* Assets.xcassets */,
				1C6B1C4E2BA0B2780043A26E /* Preview Content */,
			);
			path = DavidGogginsApp;
			sourceTree = "<group>";
		};
		1C6B1C4E2BA0B2780043A26E /* Preview Content */ = {
			isa = PBXGroup;
			children = (
				1C6B1C4F2BA0B2780043A26E /* Preview Assets.xcassets */,
			);
			path = "Preview Content";
			sourceTree = "<group>";
		};
		1C6B1C582BA0B6CF0043A26E /* Components */ = {
			isa = PBXGroup;
			children = (
				1C6B1C592BA0B6F90043A26E /* CircleButton.swift */,
			);
			path = Components;
			sourceTree = "<group>";
		};
		1CA5A7142BA9460C00B8AAA0 /* Model */ = {
			isa = PBXGroup;
			children = (
				1C805D132BA4DF440006B88F /* Database.xcdatamodeld */,
				1C805D112BA4DD3D0006B88F /* PersistenceManager.swift */,
				1CA5A7212BA9F2D500B8AAA0 /* VideoMaterialManager.swift */,
			);
			path = Model;
			sourceTree = "<group>";
		};
		1CA5A7152BA9461400B8AAA0 /* Views */ = {
			isa = PBXGroup;
			children = (
				1CA5A71E2BA94F2500B8AAA0 /* 2DViews */,
				1CA5A71D2BA94F1700B8AAA0 /* ARViews */,
				1C6B1C4A2BA0B2770043A26E /* MainView.swift */,
				1CA5A7162BA946EB00B8AAA0 /* MainViewModel.swift */,
			);
			path = Views;
			sourceTree = "<group>";
		};
		1CA5A71D2BA94F1700B8AAA0 /* ARViews */ = {
			isa = PBXGroup;
			children = (
				1C6B1C562BA0B30E0043A26E /* RealityView.swift */,
				1CA5A71F2BA94F9F00B8AAA0 /* RealityViewManager.swift */,
			);
			path = ARViews;
			sourceTree = "<group>";
		};
		1CA5A71E2BA94F2500B8AAA0 /* 2DViews */ = {
			isa = PBXGroup;
			children = (
				1C6B1C5B2BA0BAF20043A26E /* AddGoalsView.swift */,
				1CA5A7182BA9485600B8AAA0 /* AddGoalsViewModel.swift */,
				1CC7F2812BA0D88B000E746F /* AllGoalsView.swift */,
				1CA5A71B2BA94A1300B8AAA0 /* AllGoalsViewModel.swift */,
			);
			path = 2DViews;
			sourceTree = "<group>";
		};
/* End PBXGroup section */

/* Begin PBXNativeTarget section */
		1C6B1C442BA0B2770043A26E /* DavidGogginsApp */ = {
			isa = PBXNativeTarget;
			buildConfigurationList = 1C6B1C532BA0B2780043A26E /* Build configuration list for PBXNativeTarget "DavidGogginsApp" */;
			buildPhases = (
				1C6B1C412BA0B2770043A26E /* Sources */,
				1C6B1C422BA0B2770043A26E /* Frameworks */,
				1C6B1C432BA0B2770043A26E /* Resources */,
			);
			buildRules = (
			);
			dependencies = (
			);
			name = DavidGogginsApp;
			productName = DavidGogginsApp;
			productReference = 1C6B1C452BA0B2770043A26E /* DavidGogginsApp.app */;
			productType = "com.apple.product-type.application";
		};
/* End PBXNativeTarget section */

/* Begin PBXProject section */
		1C6B1C3D2BA0B2770043A26E /* Project object */ = {
			isa = PBXProject;
			attributes = {
				BuildIndependentTargetsInParallel = 1;
				LastSwiftUpdateCheck = 1520;
				LastUpgradeCheck = 1520;
				TargetAttributes = {
					1C6B1C442BA0B2770043A26E = {
						CreatedOnToolsVersion = 15.2;
					};
				};
			};
			buildConfigurationList = 1C6B1C402BA0B2770043A26E /* Build configuration list for PBXProject "DavidGogginsApp" */;
			compatibilityVersion = "Xcode 14.0";
			developmentRegion = en;
			hasScannedForEncodings = 0;
			knownRegions = (
				en,
				Base,
			);
			mainGroup = 1C6B1C3C2BA0B2770043A26E;
			productRefGroup = 1C6B1C462BA0B2770043A26E /* Products */;
			projectDirPath = "";
			projectRoot = "";
			targets = (
				1C6B1C442BA0B2770043A26E /* DavidGogginsApp */,
			);
		};
/* End PBXProject section */

/* Begin PBXResourcesBuildPhase section */
		1C6B1C432BA0B2770043A26E /* Resources */ = {
			isa = PBXResourcesBuildPhase;
			buildActionMask = 2147483647;
			files = (
				1C6B1C502BA0B2780043A26E /* Preview Assets.xcassets in Resources */,
				1C6B1C4D2BA0B2780043A26E /* Assets.xcassets in Resources */,
				1CA5A7242BA9F3BF00B8AAA0 /* VideoForText.mp4 in Resources */,
			);
			runOnlyForDeploymentPostprocessing = 0;
		};
/* End PBXResourcesBuildPhase section */

/* Begin PBXSourcesBuildPhase section */
		1C6B1C412BA0B2770043A26E /* Sources */ = {
			isa = PBXSourcesBuildPhase;
			buildActionMask = 2147483647;
			files = (
				1C6B1C4B2BA0B2770043A26E /* MainView.swift in Sources */,
				1CC7F2822BA0D88B000E746F /* AllGoalsView.swift in Sources */,
				1C805D152BA4DF440006B88F /* Database.xcdatamodeld in Sources */,
				1C6B1C572BA0B30E0043A26E /* RealityView.swift in Sources */,
				1C6B1C492BA0B2770043A26E /* DavidGogginsAppApp.swift in Sources */,
				1CA5A71C2BA94A1300B8AAA0 /* AllGoalsViewModel.swift in Sources */,
				1C6B1C5A2BA0B6F90043A26E /* CircleButton.swift in Sources */,
				1CA5A7202BA94F9F00B8AAA0 /* RealityViewManager.swift in Sources */,
				1C6B1C5C2BA0BAF20043A26E /* AddGoalsView.swift in Sources */,
				1CA5A7192BA9485600B8AAA0 /* AddGoalsViewModel.swift in Sources */,
				1C805D122BA4DD3D0006B88F /* PersistenceManager.swift in Sources */,
				1CA5A7172BA946EB00B8AAA0 /* MainViewModel.swift in Sources */,
				1CA5A7222BA9F2D500B8AAA0 /* VideoMaterialManager.swift in Sources */,
			);
			runOnlyForDeploymentPostprocessing = 0;
		};
/* End PBXSourcesBuildPhase section */

/* Begin XCBuildConfiguration section */
		1C6B1C512BA0B2780043A26E /* Debug */ = {
			isa = XCBuildConfiguration;
			buildSettings = {
				ALWAYS_SEARCH_USER_PATHS = NO;
				ASSETCATALOG_COMPILER_GENERATE_SWIFT_ASSET_SYMBOL_EXTENSIONS = YES;
				CLANG_ANALYZER_NONNULL = YES;
				CLANG_ANALYZER_NUMBER_OBJECT_CONVERSION = YES_AGGRESSIVE;
				CLANG_CXX_LANGUAGE_STANDARD = "gnu++20";
				CLANG_ENABLE_MODULES = YES;
				CLANG_ENABLE_OBJC_ARC = YES;
				CLANG_ENABLE_OBJC_WEAK = YES;
				CLANG_WARN_BLOCK_CAPTURE_AUTORELEASING = YES;
				CLANG_WARN_BOOL_CONVERSION = YES;
				CLANG_WARN_COMMA = YES;
				CLANG_WARN_CONSTANT_CONVERSION = YES;
				CLANG_WARN_DEPRECATED_OBJC_IMPLEMENTATIONS = YES;
				CLANG_WARN_DIRECT_OBJC_ISA_USAGE = YES_ERROR;
				CLANG_WARN_DOCUMENTATION_COMMENTS = YES;
				CLANG_WARN_EMPTY_BODY = YES;
				CLANG_WARN_ENUM_CONVERSION = YES;
				CLANG_WARN_INFINITE_RECURSION = YES;
				CLANG_WARN_INT_CONVERSION = YES;
				CLANG_WARN_NON_LITERAL_NULL_CONVERSION = YES;
				CLANG_WARN_OBJC_IMPLICIT_RETAIN_SELF = YES;
				CLANG_WARN_OBJC_LITERAL_CONVERSION = YES;
				CLANG_WARN_OBJC_ROOT_CLASS = YES_ERROR;
				CLANG_WARN_QUOTED_INCLUDE_IN_FRAMEWORK_HEADER = YES;
				CLANG_WARN_RANGE_LOOP_ANALYSIS = YES;
				CLANG_WARN_STRICT_PROTOTYPES = YES;
				CLANG_WARN_SUSPICIOUS_MOVE = YES;
				CLANG_WARN_UNGUARDED_AVAILABILITY = YES_AGGRESSIVE;
				CLANG_WARN_UNREACHABLE_CODE = YES;
				CLANG_WARN__DUPLICATE_METHOD_MATCH = YES;
				COPY_PHASE_STRIP = NO;
				DEBUG_INFORMATION_FORMAT = dwarf;
				ENABLE_STRICT_OBJC_MSGSEND = YES;
				ENABLE_TESTABILITY = YES;
				ENABLE_USER_SCRIPT_SANDBOXING = YES;
				GCC_C_LANGUAGE_STANDARD = gnu17;
				GCC_DYNAMIC_NO_PIC = NO;
				GCC_NO_COMMON_BLOCKS = YES;
				GCC_OPTIMIZATION_LEVEL = 0;
				GCC_PREPROCESSOR_DEFINITIONS = (
					"DEBUG=1",
					"$(inherited)",
				);
				GCC_WARN_64_TO_32_BIT_CONVERSION = YES;
				GCC_WARN_ABOUT_RETURN_TYPE = YES_ERROR;
				GCC_WARN_UNDECLARED_SELECTOR = YES;
				GCC_WARN_UNINITIALIZED_AUTOS = YES_AGGRESSIVE;
				GCC_WARN_UNUSED_FUNCTION = YES;
				GCC_WARN_UNUSED_VARIABLE = YES;
				IPHONEOS_DEPLOYMENT_TARGET = 17.2;
				LOCALIZATION_PREFERS_STRING_CATALOGS = YES;
				MTL_ENABLE_DEBUG_INFO = INCLUDE_SOURCE;
				MTL_FAST_MATH = YES;
				ONLY_ACTIVE_ARCH = YES;
				SDKROOT = iphoneos;
				SWIFT_ACTIVE_COMPILATION_CONDITIONS = "DEBUG $(inherited)";
				SWIFT_OPTIMIZATION_LEVEL = "-Onone";
			};
			name = Debug;
		};
		1C6B1C522BA0B2780043A26E /* Release */ = {
			isa = XCBuildConfiguration;
			buildSettings = {
				ALWAYS_SEARCH_USER_PATHS = NO;
				ASSETCATALOG_COMPILER_GENERATE_SWIFT_ASSET_SYMBOL_EXTENSIONS = YES;
				CLANG_ANALYZER_NONNULL = YES;
				CLANG_ANALYZER_NUMBER_OBJECT_CONVERSION = YES_AGGRESSIVE;
				CLANG_CXX_LANGUAGE_STANDARD = "gnu++20";
				CLANG_ENABLE_MODULES = YES;
				CLANG_ENABLE_OBJC_ARC = YES;
				CLANG_ENABLE_OBJC_WEAK = YES;
				CLANG_WARN_BLOCK_CAPTURE_AUTORELEASING = YES;
				CLANG_WARN_BOOL_CONVERSION = YES;
				CLANG_WARN_COMMA = YES;
				CLANG_WARN_CONSTANT_CONVERSION = YES;
				CLANG_WARN_DEPRECATED_OBJC_IMPLEMENTATIONS = YES;
				CLANG_WARN_DIRECT_OBJC_ISA_USAGE = YES_ERROR;
				CLANG_WARN_DOCUMENTATION_COMMENTS = YES;
				CLANG_WARN_EMPTY_BODY = YES;
				CLANG_WARN_ENUM_CONVERSION = YES;
				CLANG_WARN_INFINITE_RECURSION = YES;
				CLANG_WARN_INT_CONVERSION = YES;
				CLANG_WARN_NON_LITERAL_NULL_CONVERSION = YES;
				CLANG_WARN_OBJC_IMPLICIT_RETAIN_SELF = YES;
				CLANG_WARN_OBJC_LITERAL_CONVERSION = YES;
				CLANG_WARN_OBJC_ROOT_CLASS = YES_ERROR;
				CLANG_WARN_QUOTED_INCLUDE_IN_FRAMEWORK_HEADER = YES;
				CLANG_WARN_RANGE_LOOP_ANALYSIS = YES;
				CLANG_WARN_STRICT_PROTOTYPES = YES;
				CLANG_WARN_SUSPICIOUS_MOVE = YES;
				CLANG_WARN_UNGUARDED_AVAILABILITY = YES_AGGRESSIVE;
				CLANG_WARN_UNREACHABLE_CODE = YES;
				CLANG_WARN__DUPLICATE_METHOD_MATCH = YES;
				COPY_PHASE_STRIP = NO;
				DEBUG_INFORMATION_FORMAT = "dwarf-with-dsym";
				ENABLE_NS_ASSERTIONS = NO;
				ENABLE_STRICT_OBJC_MSGSEND = YES;
				ENABLE_USER_SCRIPT_SANDBOXING = YES;
				GCC_C_LANGUAGE_STANDARD = gnu17;
				GCC_NO_COMMON_BLOCKS = YES;
				GCC_WARN_64_TO_32_BIT_CONVERSION = YES;
				GCC_WARN_ABOUT_RETURN_TYPE = YES_ERROR;
				GCC_WARN_UNDECLARED_SELECTOR = YES;
				GCC_WARN_UNINITIALIZED_AUTOS = YES_AGGRESSIVE;
				GCC_WARN_UNUSED_FUNCTION = YES;
				GCC_WARN_UNUSED_VARIABLE = YES;
				IPHONEOS_DEPLOYMENT_TARGET = 17.2;
				LOCALIZATION_PREFERS_STRING_CATALOGS = YES;
				MTL_ENABLE_DEBUG_INFO = NO;
				MTL_FAST_MATH = YES;
				SDKROOT = iphoneos;
				SWIFT_COMPILATION_MODE = wholemodule;
				VALIDATE_PRODUCT = YES;
			};
			name = Release;
		};
		1C6B1C542BA0B2780043A26E /* Debug */ = {
			isa = XCBuildConfiguration;
			buildSettings = {
				ASSETCATALOG_COMPILER_APPICON_NAME = AppIcon;
				ASSETCATALOG_COMPILER_GLOBAL_ACCENT_COLOR_NAME = AccentColor;
				CODE_SIGN_STYLE = Automatic;
				CURRENT_PROJECT_VERSION = 1;
				DEVELOPMENT_ASSET_PATHS = "\"DavidGogginsApp/Preview Content\"";
				DEVELOPMENT_TEAM = P4G624Q9ZA;
				ENABLE_PREVIEWS = YES;
				GENERATE_INFOPLIST_FILE = YES;
				INFOPLIST_KEY_NSCameraUsageDescription = "\"Need to use camera to enable AR. Please allow.\"";
				INFOPLIST_KEY_UIApplicationSceneManifest_Generation = YES;
				INFOPLIST_KEY_UIApplicationSupportsIndirectInputEvents = YES;
				INFOPLIST_KEY_UILaunchScreen_Generation = YES;
				INFOPLIST_KEY_UISupportedInterfaceOrientations_iPad = "UIInterfaceOrientationPortrait UIInterfaceOrientationPortraitUpsideDown UIInterfaceOrientationLandscapeLeft UIInterfaceOrientationLandscapeRight";
				INFOPLIST_KEY_UISupportedInterfaceOrientations_iPhone = "UIInterfaceOrientationPortrait UIInterfaceOrientationLandscapeLeft UIInterfaceOrientationLandscapeRight";
				IPHONEOS_DEPLOYMENT_TARGET = 16.0;
				LD_RUNPATH_SEARCH_PATHS = (
					"$(inherited)",
					"@executable_path/Frameworks",
				);
				MARKETING_VERSION = 1.0;
				PRODUCT_BUNDLE_IDENTIFIER = com.RuanAzevedo.DavidGogginsApp;
				PRODUCT_NAME = "$(TARGET_NAME)";
				SWIFT_EMIT_LOC_STRINGS = YES;
				SWIFT_VERSION = 5.0;
				TARGETED_DEVICE_FAMILY = "1,2";
			};
			name = Debug;
		};
		1C6B1C552BA0B2780043A26E /* Release */ = {
			isa = XCBuildConfiguration;
			buildSettings = {
				ASSETCATALOG_COMPILER_APPICON_NAME = AppIcon;
				ASSETCATALOG_COMPILER_GLOBAL_ACCENT_COLOR_NAME = AccentColor;
				CODE_SIGN_STYLE = Automatic;
				CURRENT_PROJECT_VERSION = 1;
				DEVELOPMENT_ASSET_PATHS = "\"DavidGogginsApp/Preview Content\"";
				DEVELOPMENT_TEAM = P4G624Q9ZA;
				ENABLE_PREVIEWS = YES;
				GENERATE_INFOPLIST_FILE = YES;
				INFOPLIST_KEY_NSCameraUsageDescription = "\"Need to use camera to enable AR. Please allow.\"";
				INFOPLIST_KEY_UIApplicationSceneManifest_Generation = YES;
				INFOPLIST_KEY_UIApplicationSupportsIndirectInputEvents = YES;
				INFOPLIST_KEY_UILaunchScreen_Generation = YES;
				INFOPLIST_KEY_UISupportedInterfaceOrientations_iPad = "UIInterfaceOrientationPortrait UIInterfaceOrientationPortraitUpsideDown UIInterfaceOrientationLandscapeLeft UIInterfaceOrientationLandscapeRight";
				INFOPLIST_KEY_UISupportedInterfaceOrientations_iPhone = "UIInterfaceOrientationPortrait UIInterfaceOrientationLandscapeLeft UIInterfaceOrientationLandscapeRight";
				IPHONEOS_DEPLOYMENT_TARGET = 16.0;
				LD_RUNPATH_SEARCH_PATHS = (
					"$(inherited)",
					"@executable_path/Frameworks",
				);
				MARKETING_VERSION = 1.0;
				PRODUCT_BUNDLE_IDENTIFIER = com.RuanAzevedo.DavidGogginsApp;
				PRODUCT_NAME = "$(TARGET_NAME)";
				SWIFT_EMIT_LOC_STRINGS = YES;
				SWIFT_VERSION = 5.0;
				TARGETED_DEVICE_FAMILY = "1,2";
			};
			name = Release;
		};
/* End XCBuildConfiguration section */

/* Begin XCConfigurationList section */
		1C6B1C402BA0B2770043A26E /* Build configuration list for PBXProject "DavidGogginsApp" */ = {
			isa = XCConfigurationList;
			buildConfigurations = (
				1C6B1C512BA0B2780043A26E /* Debug */,
				1C6B1C522BA0B2780043A26E /* Release */,
			);
			defaultConfigurationIsVisible = 0;
			defaultConfigurationName = Release;
		};
		1C6B1C532BA0B2780043A26E /* Build configuration list for PBXNativeTarget "DavidGogginsApp" */ = {
			isa = XCConfigurationList;
			buildConfigurations = (
				1C6B1C542BA0B2780043A26E /* Debug */,
				1C6B1C552BA0B2780043A26E /* Release */,
			);
			defaultConfigurationIsVisible = 0;
			defaultConfigurationName = Release;
		};
/* End XCConfigurationList section */

/* Begin XCVersionGroup section */
		1C805D132BA4DF440006B88F /* Database.xcdatamodeld */ = {
			isa = XCVersionGroup;
			children = (
				1C805D142BA4DF440006B88F /* Database.xcdatamodel */,
			);
			currentVersion = 1C805D142BA4DF440006B88F /* Database.xcdatamodel */;
			path = Database.xcdatamodeld;
			sourceTree = "<group>";
			versionGroupType = wrapper.xcdatamodel;
		};
/* End XCVersionGroup section */
	};
	rootObject = 1C6B1C3D2BA0B2770043A26E /* Project object */;
}
